// !$*UTF8*$!
{
	archiveVersion = 1;
	classes = {
	};
	objectVersion = 51;
	objects = {

/* Begin PBXBuildFile section */
		150B9917221AEC9B002785AC /* RegistrationViewModel.swift in Sources */ = {isa = PBXBuildFile; fileRef = 150B9916221AEC9B002785AC /* RegistrationViewModel.swift */; };
		150C7A7621CF7B350081887D /* AppDelegate.swift in Sources */ = {isa = PBXBuildFile; fileRef = 150C7A7521CF7B350081887D /* AppDelegate.swift */; };
		150C7A7821CF7B350081887D /* HomeController.swift in Sources */ = {isa = PBXBuildFile; fileRef = 150C7A7721CF7B350081887D /* HomeController.swift */; };
		150C7A7B21CF7B350081887D /* Main.storyboard in Resources */ = {isa = PBXBuildFile; fileRef = 150C7A7921CF7B350081887D /* Main.storyboard */; };
		150C7A7D21CF7B370081887D /* Assets.xcassets in Resources */ = {isa = PBXBuildFile; fileRef = 150C7A7C21CF7B370081887D /* Assets.xcassets */; };
		150C7A8021CF7B370081887D /* LaunchScreen.storyboard in Resources */ = {isa = PBXBuildFile; fileRef = 150C7A7E21CF7B370081887D /* LaunchScreen.storyboard */; };
		150C7A8921CF7E170081887D /* Extensions+UIView.swift in Sources */ = {isa = PBXBuildFile; fileRef = 150C7A8821CF7E120081887D /* Extensions+UIView.swift */; };
		150C7A8C21CF81D70081887D /* HomeBottomControlsStackView.swift in Sources */ = {isa = PBXBuildFile; fileRef = 150C7A8B21CF81D70081887D /* HomeBottomControlsStackView.swift */; };
		150C7A8E21CF84BD0081887D /* TopNavigationStackView.swift in Sources */ = {isa = PBXBuildFile; fileRef = 150C7A8D21CF84BD0081887D /* TopNavigationStackView.swift */; };
		1537251721D10140009818D2 /* CardView.swift in Sources */ = {isa = PBXBuildFile; fileRef = 1537251621D10140009818D2 /* CardView.swift */; };
		15630373223853D800D3B1C7 /* GoogleService-Info.plist in Resources */ = {isa = PBXBuildFile; fileRef = 15630372223853D800D3B1C7 /* GoogleService-Info.plist */; };
		157B1F7D221044CC001B8483 /* RegistrationController.swift in Sources */ = {isa = PBXBuildFile; fileRef = 157B1F7C221044CC001B8483 /* RegistrationController.swift */; };
		157B1F7F22104E1B001B8483 /* CustomTextField.swift in Sources */ = {isa = PBXBuildFile; fileRef = 157B1F7E22104E1B001B8483 /* CustomTextField.swift */; };
		157B7B2721D51CB300474BEF /* User.swift in Sources */ = {isa = PBXBuildFile; fileRef = 157B7B2621D51CB300474BEF /* User.swift */; };
		159E2DF221D66D74004546B0 /* CardViewModel.swift in Sources */ = {isa = PBXBuildFile; fileRef = 159E2DF121D66D56004546B0 /* CardViewModel.swift */; };
		159E2DF521D66F9F004546B0 /* Advertiser.swift in Sources */ = {isa = PBXBuildFile; fileRef = 159E2DF421D66F9F004546B0 /* Advertiser.swift */; };
		15B3F97521D95AE400B4D404 /* Comparable+Clamp.swift in Sources */ = {isa = PBXBuildFile; fileRef = 15B3F97421D95AE400B4D404 /* Comparable+Clamp.swift */; };
		D5670E38FDCD74F05B75AEA5 /* Pods_Tinder.framework in Frameworks */ = {isa = PBXBuildFile; fileRef = 159E3EEEFC28DAAF07B839A3 /* Pods_Tinder.framework */; };
/* End PBXBuildFile section */

/* Begin PBXFileReference section */
		0F158F49AC7604A1D6C75937 /* Pods-Tinder.debug.xcconfig */ = {isa = PBXFileReference; includeInIndex = 1; lastKnownFileType = text.xcconfig; name = "Pods-Tinder.debug.xcconfig"; path = "Target Support Files/Pods-Tinder/Pods-Tinder.debug.xcconfig"; sourceTree = "<group>"; };
		150B9916221AEC9B002785AC /* RegistrationViewModel.swift */ = {isa = PBXFileReference; lastKnownFileType = sourcecode.swift; path = RegistrationViewModel.swift; sourceTree = "<group>"; };
		150C7A7221CF7B350081887D /* Tinder.app */ = {isa = PBXFileReference; explicitFileType = wrapper.application; includeInIndex = 0; path = Tinder.app; sourceTree = BUILT_PRODUCTS_DIR; };
		150C7A7521CF7B350081887D /* AppDelegate.swift */ = {isa = PBXFileReference; lastKnownFileType = sourcecode.swift; path = AppDelegate.swift; sourceTree = "<group>"; };
		150C7A7721CF7B350081887D /* HomeController.swift */ = {isa = PBXFileReference; lastKnownFileType = sourcecode.swift; path = HomeController.swift; sourceTree = "<group>"; };
		150C7A7A21CF7B350081887D /* Base */ = {isa = PBXFileReference; lastKnownFileType = file.storyboard; name = Base; path = Base.lproj/Main.storyboard; sourceTree = "<group>"; };
		150C7A7C21CF7B370081887D /* Assets.xcassets */ = {isa = PBXFileReference; lastKnownFileType = folder.assetcatalog; path = Assets.xcassets; sourceTree = "<group>"; };
		150C7A7F21CF7B370081887D /* Base */ = {isa = PBXFileReference; lastKnownFileType = file.storyboard; name = Base; path = Base.lproj/LaunchScreen.storyboard; sourceTree = "<group>"; };
		150C7A8121CF7B370081887D /* Info.plist */ = {isa = PBXFileReference; lastKnownFileType = text.plist.xml; path = Info.plist; sourceTree = "<group>"; };
		150C7A8821CF7E120081887D /* Extensions+UIView.swift */ = {isa = PBXFileReference; lastKnownFileType = sourcecode.swift; path = "Extensions+UIView.swift"; sourceTree = "<group>"; };
		150C7A8B21CF81D70081887D /* HomeBottomControlsStackView.swift */ = {isa = PBXFileReference; lastKnownFileType = sourcecode.swift; path = HomeBottomControlsStackView.swift; sourceTree = "<group>"; };
		150C7A8D21CF84BD0081887D /* TopNavigationStackView.swift */ = {isa = PBXFileReference; lastKnownFileType = sourcecode.swift; path = TopNavigationStackView.swift; sourceTree = "<group>"; };
		1537251621D10140009818D2 /* CardView.swift */ = {isa = PBXFileReference; lastKnownFileType = sourcecode.swift; path = CardView.swift; sourceTree = "<group>"; };
		15630372223853D800D3B1C7 /* GoogleService-Info.plist */ = {isa = PBXFileReference; fileEncoding = 4; lastKnownFileType = text.plist.xml; path = "GoogleService-Info.plist"; sourceTree = "<group>"; };
		157B1F7C221044CC001B8483 /* RegistrationController.swift */ = {isa = PBXFileReference; lastKnownFileType = sourcecode.swift; path = RegistrationController.swift; sourceTree = "<group>"; };
		157B1F7E22104E1B001B8483 /* CustomTextField.swift */ = {isa = PBXFileReference; lastKnownFileType = sourcecode.swift; path = CustomTextField.swift; sourceTree = "<group>"; };
		157B7B2621D51CB300474BEF /* User.swift */ = {isa = PBXFileReference; lastKnownFileType = sourcecode.swift; path = User.swift; sourceTree = "<group>"; };
		159E2DF121D66D56004546B0 /* CardViewModel.swift */ = {isa = PBXFileReference; lastKnownFileType = sourcecode.swift; path = CardViewModel.swift; sourceTree = "<group>"; };
		159E2DF421D66F9F004546B0 /* Advertiser.swift */ = {isa = PBXFileReference; lastKnownFileType = sourcecode.swift; path = Advertiser.swift; sourceTree = "<group>"; };
		159E3EEEFC28DAAF07B839A3 /* Pods_Tinder.framework */ = {isa = PBXFileReference; explicitFileType = wrapper.framework; includeInIndex = 0; path = Pods_Tinder.framework; sourceTree = BUILT_PRODUCTS_DIR; };
		15B3F97421D95AE400B4D404 /* Comparable+Clamp.swift */ = {isa = PBXFileReference; lastKnownFileType = sourcecode.swift; path = "Comparable+Clamp.swift"; sourceTree = "<group>"; };
		A045C89C9B32068D3199388F /* Pods-Tinder.release.xcconfig */ = {isa = PBXFileReference; includeInIndex = 1; lastKnownFileType = text.xcconfig; name = "Pods-Tinder.release.xcconfig"; path = "Target Support Files/Pods-Tinder/Pods-Tinder.release.xcconfig"; sourceTree = "<group>"; };
/* End PBXFileReference section */

/* Begin PBXFrameworksBuildPhase section */
		150C7A6F21CF7B350081887D /* Frameworks */ = {
			isa = PBXFrameworksBuildPhase;
			buildActionMask = 2147483647;
			files = (
				D5670E38FDCD74F05B75AEA5 /* Pods_Tinder.framework in Frameworks */,
			);
			runOnlyForDeploymentPostprocessing = 0;
		};
/* End PBXFrameworksBuildPhase section */

/* Begin PBXGroup section */
		150C7A6921CF7B350081887D = {
			isa = PBXGroup;
			children = (
				150C7A7421CF7B350081887D /* Tinder */,
				150C7A7321CF7B350081887D /* Products */,
				3F4C5BE0FFCAEEE28B9475D4 /* Pods */,
				7DF7384EDB85BECA8CE30195 /* Frameworks */,
			);
			sourceTree = "<group>";
		};
		150C7A7321CF7B350081887D /* Products */ = {
			isa = PBXGroup;
			children = (
				150C7A7221CF7B350081887D /* Tinder.app */,
			);
			name = Products;
			sourceTree = "<group>";
		};
		150C7A7421CF7B350081887D /* Tinder */ = {
			isa = PBXGroup;
			children = (
				15630372223853D800D3B1C7 /* GoogleService-Info.plist */,
				150C7A8121CF7B370081887D /* Info.plist */,
				150C7A7521CF7B350081887D /* AppDelegate.swift */,
				150C7A7C21CF7B370081887D /* Assets.xcassets */,
				150C7A7E21CF7B370081887D /* LaunchScreen.storyboard */,
				150C7A7921CF7B350081887D /* Main.storyboard */,
				157B7B2521D51CA100474BEF /* Model */,
				150C7A8A21CF81AE0081887D /* Views */,
				159E2DF321D66F83004546B0 /* Controllers */,
				150C7A8721CF7DD80081887D /* Extensions */,
				159E2DF021D66D56004546B0 /* ViewModels */,
			);
			path = Tinder;
			sourceTree = "<group>";
		};
		150C7A8721CF7DD80081887D /* Extensions */ = {
			isa = PBXGroup;
			children = (
				150C7A8821CF7E120081887D /* Extensions+UIView.swift */,
				15B3F97421D95AE400B4D404 /* Comparable+Clamp.swift */,
			);
			path = Extensions;
			sourceTree = "<group>";
		};
		150C7A8A21CF81AE0081887D /* Views */ = {
			isa = PBXGroup;
			children = (
				1537251621D10140009818D2 /* CardView.swift */,
				157B1F7E22104E1B001B8483 /* CustomTextField.swift */,
				150C7A8B21CF81D70081887D /* HomeBottomControlsStackView.swift */,
				150C7A8D21CF84BD0081887D /* TopNavigationStackView.swift */,
			);
			path = Views;
			sourceTree = "<group>";
		};
		157B7B2521D51CA100474BEF /* Model */ = {
			isa = PBXGroup;
			children = (
				159E2DF421D66F9F004546B0 /* Advertiser.swift */,
				157B7B2621D51CB300474BEF /* User.swift */,
			);
			path = Model;
			sourceTree = "<group>";
		};
		159E2DF021D66D56004546B0 /* ViewModels */ = {
			isa = PBXGroup;
			children = (
				159E2DF121D66D56004546B0 /* CardViewModel.swift */,
			);
			path = ViewModels;
			sourceTree = "<group>";
		};
		159E2DF321D66F83004546B0 /* Controllers */ = {
			isa = PBXGroup;
			children = (
				150C7A7721CF7B350081887D /* HomeController.swift */,
				157B1F7C221044CC001B8483 /* RegistrationController.swift */,
				150B9916221AEC9B002785AC /* RegistrationViewModel.swift */,
			);
			path = Controllers;
			sourceTree = "<group>";
		};
		3F4C5BE0FFCAEEE28B9475D4 /* Pods */ = {
			isa = PBXGroup;
			children = (
				0F158F49AC7604A1D6C75937 /* Pods-Tinder.debug.xcconfig */,
				A045C89C9B32068D3199388F /* Pods-Tinder.release.xcconfig */,
			);
			path = Pods;
			sourceTree = "<group>";
		};
		7DF7384EDB85BECA8CE30195 /* Frameworks */ = {
			isa = PBXGroup;
			children = (
				159E3EEEFC28DAAF07B839A3 /* Pods_Tinder.framework */,
			);
			name = Frameworks;
			sourceTree = "<group>";
		};
/* End PBXGroup section */

/* Begin PBXNativeTarget section */
		150C7A7121CF7B350081887D /* Tinder */ = {
			isa = PBXNativeTarget;
			buildConfigurationList = 150C7A8421CF7B370081887D /* Build configuration list for PBXNativeTarget "Tinder" */;
			buildPhases = (
				A195F7403E1FB23F9EE673E5 /* [CP] Check Pods Manifest.lock */,
				150C7A6E21CF7B350081887D /* Sources */,
				150C7A6F21CF7B350081887D /* Frameworks */,
				150C7A7021CF7B350081887D /* Resources */,
				D6BE7D47125922C032195B53 /* [CP] Embed Pods Frameworks */,
			);
			buildRules = (
			);
			dependencies = (
			);
			name = Tinder;
			productName = Tinder;
			productReference = 150C7A7221CF7B350081887D /* Tinder.app */;
			productType = "com.apple.product-type.application";
		};
/* End PBXNativeTarget section */

/* Begin PBXProject section */
		150C7A6A21CF7B350081887D /* Project object */ = {
			isa = PBXProject;
			attributes = {
				LastSwiftUpdateCheck = 1010;
				LastUpgradeCheck = 1010;
				ORGANIZATIONNAME = "Anton Novoselov";
				TargetAttributes = {
					150C7A7121CF7B350081887D = {
						CreatedOnToolsVersion = 10.1;
					};
				};
			};
			buildConfigurationList = 150C7A6D21CF7B350081887D /* Build configuration list for PBXProject "Tinder" */;
			compatibilityVersion = "Xcode 9.3";
			developmentRegion = en;
			hasScannedForEncodings = 0;
			knownRegions = (
				en,
				Base,
			);
			mainGroup = 150C7A6921CF7B350081887D;
			productRefGroup = 150C7A7321CF7B350081887D /* Products */;
			projectDirPath = "";
			projectRoot = "";
			targets = (
				150C7A7121CF7B350081887D /* Tinder */,
			);
		};
/* End PBXProject section */

/* Begin PBXResourcesBuildPhase section */
		150C7A7021CF7B350081887D /* Resources */ = {
			isa = PBXResourcesBuildPhase;
			buildActionMask = 2147483647;
			files = (
				150C7A8021CF7B370081887D /* LaunchScreen.storyboard in Resources */,
				15630373223853D800D3B1C7 /* GoogleService-Info.plist in Resources */,
				150C7A7D21CF7B370081887D /* Assets.xcassets in Resources */,
				150C7A7B21CF7B350081887D /* Main.storyboard in Resources */,
			);
			runOnlyForDeploymentPostprocessing = 0;
		};
/* End PBXResourcesBuildPhase section */

/* Begin PBXShellScriptBuildPhase section */
		A195F7403E1FB23F9EE673E5 /* [CP] Check Pods Manifest.lock */ = {
			isa = PBXShellScriptBuildPhase;
			buildActionMask = 2147483647;
			files = (
			);
			inputFileListPaths = (
			);
			inputPaths = (
				"${PODS_PODFILE_DIR_PATH}/Podfile.lock",
				"${PODS_ROOT}/Manifest.lock",
			);
			name = "[CP] Check Pods Manifest.lock";
			outputFileListPaths = (
			);
			outputPaths = (
				"$(DERIVED_FILE_DIR)/Pods-Tinder-checkManifestLockResult.txt",
			);
			runOnlyForDeploymentPostprocessing = 0;
			shellPath = /bin/sh;
			shellScript = "diff \"${PODS_PODFILE_DIR_PATH}/Podfile.lock\" \"${PODS_ROOT}/Manifest.lock\" > /dev/null\nif [ $? != 0 ] ; then\n    # print error to STDERR\n    echo \"error: The sandbox is not in sync with the Podfile.lock. Run 'pod install' or update your CocoaPods installation.\" >&2\n    exit 1\nfi\n# This output is used by Xcode 'outputs' to avoid re-running this script phase.\necho \"SUCCESS\" > \"${SCRIPT_OUTPUT_FILE_0}\"\n";
			showEnvVarsInLog = 0;
		};
		D6BE7D47125922C032195B53 /* [CP] Embed Pods Frameworks */ = {
			isa = PBXShellScriptBuildPhase;
			buildActionMask = 2147483647;
			files = (
			);
			inputFileListPaths = (
				"${PODS_ROOT}/Target Support Files/Pods-Tinder/Pods-Tinder-frameworks-${CONFIGURATION}-input-files.xcfilelist",
			);
			name = "[CP] Embed Pods Frameworks";
			outputFileListPaths = (
				"${PODS_ROOT}/Target Support Files/Pods-Tinder/Pods-Tinder-frameworks-${CONFIGURATION}-output-files.xcfilelist",
			);
			runOnlyForDeploymentPostprocessing = 0;
			shellPath = /bin/sh;
			shellScript = "\"${PODS_ROOT}/Target Support Files/Pods-Tinder/Pods-Tinder-frameworks.sh\"\n";
			showEnvVarsInLog = 0;
		};
/* End PBXShellScriptBuildPhase section */

/* Begin PBXSourcesBuildPhase section */
		150C7A6E21CF7B350081887D /* Sources */ = {
			isa = PBXSourcesBuildPhase;
			buildActionMask = 2147483647;
			files = (
				150C7A7821CF7B350081887D /* HomeController.swift in Sources */,
				15B3F97521D95AE400B4D404 /* Comparable+Clamp.swift in Sources */,
				150C7A8C21CF81D70081887D /* HomeBottomControlsStackView.swift in Sources */,
				159E2DF521D66F9F004546B0 /* Advertiser.swift in Sources */,
				150C7A7621CF7B350081887D /* AppDelegate.swift in Sources */,
				150C7A8921CF7E170081887D /* Extensions+UIView.swift in Sources */,
				157B1F7D221044CC001B8483 /* RegistrationController.swift in Sources */,
				159E2DF221D66D74004546B0 /* CardViewModel.swift in Sources */,
				157B1F7F22104E1B001B8483 /* CustomTextField.swift in Sources */,
				150B9917221AEC9B002785AC /* RegistrationViewModel.swift in Sources */,
				1537251721D10140009818D2 /* CardView.swift in Sources */,
				150C7A8E21CF84BD0081887D /* TopNavigationStackView.swift in Sources */,
				157B7B2721D51CB300474BEF /* User.swift in Sources */,
			);
			runOnlyForDeploymentPostprocessing = 0;
		};
/* End PBXSourcesBuildPhase section */

/* Begin PBXVariantGroup section */
		150C7A7921CF7B350081887D /* Main.storyboard */ = {
			isa = PBXVariantGroup;
			children = (
				150C7A7A21CF7B350081887D /* Base */,
			);
			name = Main.storyboard;
			sourceTree = "<group>";
		};
		150C7A7E21CF7B370081887D /* LaunchScreen.storyboard */ = {
			isa = PBXVariantGroup;
			children = (
				150C7A7F21CF7B370081887D /* Base */,
			);
			name = LaunchScreen.storyboard;
			sourceTree = "<group>";
		};
/* End PBXVariantGroup section */

/* Begin XCBuildConfiguration section */
		150C7A8221CF7B370081887D /* Debug */ = {
			isa = XCBuildConfiguration;
			buildSettings = {
				ALWAYS_SEARCH_USER_PATHS = NO;
				CLANG_ANALYZER_NONNULL = YES;
				CLANG_ANALYZER_NUMBER_OBJECT_CONVERSION = YES_AGGRESSIVE;
				CLANG_CXX_LANGUAGE_STANDARD = "gnu++14";
				CLANG_CXX_LIBRARY = "libc++";
				CLANG_ENABLE_MODULES = YES;
				CLANG_ENABLE_OBJC_ARC = YES;
				CLANG_ENABLE_OBJC_WEAK = YES;
				CLANG_WARN_BLOCK_CAPTURE_AUTORELEASING = YES;
				CLANG_WARN_BOOL_CONVERSION = YES;
				CLANG_WARN_COMMA = YES;
				CLANG_WARN_CONSTANT_CONVERSION = YES;
				CLANG_WARN_DEPRECATED_OBJC_IMPLEMENTATIONS = YES;
				CLANG_WARN_DIRECT_OBJC_ISA_USAGE = YES_ERROR;
				CLANG_WARN_DOCUMENTATION_COMMENTS = YES;
				CLANG_WARN_EMPTY_BODY = YES;
				CLANG_WARN_ENUM_CONVERSION = YES;
				CLANG_WARN_INFINITE_RECURSION = YES;
				CLANG_WARN_INT_CONVERSION = YES;
				CLANG_WARN_NON_LITERAL_NULL_CONVERSION = YES;
				CLANG_WARN_OBJC_IMPLICIT_RETAIN_SELF = YES;
				CLANG_WARN_OBJC_LITERAL_CONVERSION = YES;
				CLANG_WARN_OBJC_ROOT_CLASS = YES_ERROR;
				CLANG_WARN_RANGE_LOOP_ANALYSIS = YES;
				CLANG_WARN_STRICT_PROTOTYPES = YES;
				CLANG_WARN_SUSPICIOUS_MOVE = YES;
				CLANG_WARN_UNGUARDED_AVAILABILITY = YES_AGGRESSIVE;
				CLANG_WARN_UNREACHABLE_CODE = YES;
				CLANG_WARN__DUPLICATE_METHOD_MATCH = YES;
				CODE_SIGN_IDENTITY = "iPhone Developer";
				COPY_PHASE_STRIP = NO;
				DEBUG_INFORMATION_FORMAT = dwarf;
				ENABLE_STRICT_OBJC_MSGSEND = YES;
				ENABLE_TESTABILITY = YES;
				GCC_C_LANGUAGE_STANDARD = gnu11;
				GCC_DYNAMIC_NO_PIC = NO;
				GCC_NO_COMMON_BLOCKS = YES;
				GCC_OPTIMIZATION_LEVEL = 0;
				GCC_PREPROCESSOR_DEFINITIONS = (
					"DEBUG=1",
					"$(inherited)",
				);
				GCC_WARN_64_TO_32_BIT_CONVERSION = YES;
				GCC_WARN_ABOUT_RETURN_TYPE = YES_ERROR;
				GCC_WARN_UNDECLARED_SELECTOR = YES;
				GCC_WARN_UNINITIALIZED_AUTOS = YES_AGGRESSIVE;
				GCC_WARN_UNUSED_FUNCTION = YES;
				GCC_WARN_UNUSED_VARIABLE = YES;
				IPHONEOS_DEPLOYMENT_TARGET = 12.1;
				MTL_ENABLE_DEBUG_INFO = INCLUDE_SOURCE;
				MTL_FAST_MATH = YES;
				ONLY_ACTIVE_ARCH = YES;
				SDKROOT = iphoneos;
				SWIFT_ACTIVE_COMPILATION_CONDITIONS = DEBUG;
				SWIFT_OPTIMIZATION_LEVEL = "-Onone";
			};
			name = Debug;
		};
		150C7A8321CF7B370081887D /* Release */ = {
			isa = XCBuildConfiguration;
			buildSettings = {
				ALWAYS_SEARCH_USER_PATHS = NO;
				CLANG_ANALYZER_NONNULL = YES;
				CLANG_ANALYZER_NUMBER_OBJECT_CONVERSION = YES_AGGRESSIVE;
				CLANG_CXX_LANGUAGE_STANDARD = "gnu++14";
				CLANG_CXX_LIBRARY = "libc++";
				CLANG_ENABLE_MODULES = YES;
				CLANG_ENABLE_OBJC_ARC = YES;
				CLANG_ENABLE_OBJC_WEAK = YES;
				CLANG_WARN_BLOCK_CAPTURE_AUTORELEASING = YES;
				CLANG_WARN_BOOL_CONVERSION = YES;
				CLANG_WARN_COMMA = YES;
				CLANG_WARN_CONSTANT_CONVERSION = YES;
				CLANG_WARN_DEPRECATED_OBJC_IMPLEMENTATIONS = YES;
				CLANG_WARN_DIRECT_OBJC_ISA_USAGE = YES_ERROR;
				CLANG_WARN_DOCUMENTATION_COMMENTS = YES;
				CLANG_WARN_EMPTY_BODY = YES;
				CLANG_WARN_ENUM_CONVERSION = YES;
				CLANG_WARN_INFINITE_RECURSION = YES;
				CLANG_WARN_INT_CONVERSION = YES;
				CLANG_WARN_NON_LITERAL_NULL_CONVERSION = YES;
				CLANG_WARN_OBJC_IMPLICIT_RETAIN_SELF = YES;
				CLANG_WARN_OBJC_LITERAL_CONVERSION = YES;
				CLANG_WARN_OBJC_ROOT_CLASS = YES_ERROR;
				CLANG_WARN_RANGE_LOOP_ANALYSIS = YES;
				CLANG_WARN_STRICT_PROTOTYPES = YES;
				CLANG_WARN_SUSPICIOUS_MOVE = YES;
				CLANG_WARN_UNGUARDED_AVAILABILITY = YES_AGGRESSIVE;
				CLANG_WARN_UNREACHABLE_CODE = YES;
				CLANG_WARN__DUPLICATE_METHOD_MATCH = YES;
				CODE_SIGN_IDENTITY = "iPhone Developer";
				COPY_PHASE_STRIP = NO;
				DEBUG_INFORMATION_FORMAT = "dwarf-with-dsym";
				ENABLE_NS_ASSERTIONS = NO;
				ENABLE_STRICT_OBJC_MSGSEND = YES;
				GCC_C_LANGUAGE_STANDARD = gnu11;
				GCC_NO_COMMON_BLOCKS = YES;
				GCC_WARN_64_TO_32_BIT_CONVERSION = YES;
				GCC_WARN_ABOUT_RETURN_TYPE = YES_ERROR;
				GCC_WARN_UNDECLARED_SELECTOR = YES;
				GCC_WARN_UNINITIALIZED_AUTOS = YES_AGGRESSIVE;
				GCC_WARN_UNUSED_FUNCTION = YES;
				GCC_WARN_UNUSED_VARIABLE = YES;
				IPHONEOS_DEPLOYMENT_TARGET = 12.1;
				MTL_ENABLE_DEBUG_INFO = NO;
				MTL_FAST_MATH = YES;
				SDKROOT = iphoneos;
				SWIFT_COMPILATION_MODE = wholemodule;
				SWIFT_OPTIMIZATION_LEVEL = "-O";
				VALIDATE_PRODUCT = YES;
			};
			name = Release;
		};
		150C7A8521CF7B370081887D /* Debug */ = {
			isa = XCBuildConfiguration;
			baseConfigurationReference = 0F158F49AC7604A1D6C75937 /* Pods-Tinder.debug.xcconfig */;
			buildSettings = {
				ASSETCATALOG_COMPILER_APPICON_NAME = AppIcon;
				CODE_SIGN_STYLE = Automatic;
				DEVELOPMENT_TEAM = 358V8FBM3U;
				INFOPLIST_FILE = Tinder/Info.plist;
				LD_RUNPATH_SEARCH_PATHS = (
					"$(inherited)",
					"@executable_path/Frameworks",
				);
				PRODUCT_BUNDLE_IDENTIFIER = com.antonnovoselov.Tinder;
				PRODUCT_NAME = "$(TARGET_NAME)";
				SWIFT_VERSION = 4.2;
				TARGETED_DEVICE_FAMILY = "1,2";
			};
			name = Debug;
		};
		150C7A8621CF7B370081887D /* Release */ = {
			isa = XCBuildConfiguration;
			baseConfigurationReference = A045C89C9B32068D3199388F /* Pods-Tinder.release.xcconfig */;
			buildSettings = {
				ASSETCATALOG_COMPILER_APPICON_NAME = AppIcon;
				CODE_SIGN_STYLE = Automatic;
				DEVELOPMENT_TEAM = 358V8FBM3U;
				INFOPLIST_FILE = Tinder/Info.plist;
				LD_RUNPATH_SEARCH_PATHS = (
					"$(inherited)",
					"@executable_path/Frameworks",
				);
				PRODUCT_BUNDLE_IDENTIFIER = com.antonnovoselov.Tinder;
				PRODUCT_NAME = "$(TARGET_NAME)";
				SWIFT_VERSION = 4.2;
				TARGETED_DEVICE_FAMILY = "1,2";
			};
			name = Release;
		};
/* End XCBuildConfiguration section */

/* Begin XCConfigurationList section */
		150C7A6D21CF7B350081887D /* Build configuration list for PBXProject "Tinder" */ = {
			isa = XCConfigurationList;
			buildConfigurations = (
				150C7A8221CF7B370081887D /* Debug */,
				150C7A8321CF7B370081887D /* Release */,
			);
			defaultConfigurationIsVisible = 0;
			defaultConfigurationName = Release;
		};
		150C7A8421CF7B370081887D /* Build configuration list for PBXNativeTarget "Tinder" */ = {
			isa = XCConfigurationList;
			buildConfigurations = (
				150C7A8521CF7B370081887D /* Debug */,
				150C7A8621CF7B370081887D /* Release */,
			);
			defaultConfigurationIsVisible = 0;
			defaultConfigurationName = Release;
		};
/* End XCConfigurationList section */
	};
	rootObject = 150C7A6A21CF7B350081887D /* Project object */;
}
